
Microsoft Visual Studio Solution File, Format Version 12.00
# Visual Studio Version 17
VisualStudioVersion = 17.11.35303.130
MinimumVisualStudioVersion = 10.0.40219.1
Project("{2150E333-8FDC-42A3-9474-1A3956D46DE8}") = "Task0", "Task0", "{9349EE0B-FD6C-489C-A368-FEFA35141738}"
EndProject
Project("{9A19103F-16F7-4668-BE54-9A1E7A4F7556}") = "Tyuiu.CherkashinMM.Sprint2.Task0.V5", "Tyuiu.CherkashinMM.Sprint2.Task0.V5\Tyuiu.CherkashinMM.Sprint2.Task0.V5.csproj", "{EA01D82A-7A40-4FB4-AD32-2500A9448ED8}"
EndProject
Project("{9A19103F-16F7-4668-BE54-9A1E7A4F7556}") = "Tyuiu.CherkashinMM.Sprint2.Task0.V5.Test", "Tyuiu.CherkashinMM.Sprint2.Task0.V5.Test\Tyuiu.CherkashinMM.Sprint2.Task0.V5.Test.csproj", "{AE2BABAE-FA9D-4A54-977A-B991E1FCEFF6}"
EndProject
Project("{9A19103F-16F7-4668-BE54-9A1E7A4F7556}") = "Tyuiu.CherkashinMM.Sprint2.Task0.V5.Lib", "Tyuiu.CherkashinMM.Sprint2.Task0.V5.Lib\Tyuiu.CherkashinMM.Sprint2.Task0.V5.Lib.csproj", "{D257BFD8-1B1D-47F7-A876-BE23F8B031D2}"
EndProject
Project("{2150E333-8FDC-42A3-9474-1A3956D46DE8}") = "Task1", "Task1", "{EFB228EB-5549-4541-A074-063FA28921BE}"
EndProject
Project("{9A19103F-16F7-4668-BE54-9A1E7A4F7556}") = "Tyuiu.CherkashinMM.Sprint2.Task1.V20", "Tyuiu.CherkashinMM.Sprint2.Task1.V20\Tyuiu.CherkashinMM.Sprint2.Task1.V20.csproj", "{138D72D1-E11E-4FCD-B6BF-08479C71912B}"
EndProject
Project("{9A19103F-16F7-4668-BE54-9A1E7A4F7556}") = "Tyuiu.CherkashinMM.Sprint2.Task1.V20.Lib", "Tyuiu.CherkashinMM.Sprint2.Task1.V20.Lib\Tyuiu.CherkashinMM.Sprint2.Task1.V20.Lib.csproj", "{A019DA7F-6D47-45F4-BB4A-8EEE7C380962}"
EndProject
Project("{9A19103F-16F7-4668-BE54-9A1E7A4F7556}") = "Tyuiu.CherkashinMM.Sprint2.Task1.V20.Test", "Tyuiu.CherkashinMM.Sprint2.Task1.V20.Test\Tyuiu.CherkashinMM.Sprint2.Task1.V20.Test.csproj", "{CE15CC2C-318F-4E92-B0D6-898B4F8A10A9}"
EndProject
Project("{2150E333-8FDC-42A3-9474-1A3956D46DE8}") = "Task2", "Task2", "{7AC10688-D4F9-472A-AC68-829054676A97}"
EndProject
Project("{9A19103F-16F7-4668-BE54-9A1E7A4F7556}") = "Tyuiu.CherkashinMM.Sprint2.Task2.V12", "Tyuiu.CherkashinMM.Sprint2.Task2.V12\Tyuiu.CherkashinMM.Sprint2.Task2.V12.csproj", "{1252A835-1DC7-4A0F-B8B0-33B117AF1F41}"
EndProject
Project("{9A19103F-16F7-4668-BE54-9A1E7A4F7556}") = "Tyuiu.CherkashinMM.Sprint2.Task2.V12.Lib", "Tyuiu.CherkashinMM.Sprint2.Task2.V12.Lib\Tyuiu.CherkashinMM.Sprint2.Task2.V12.Lib.csproj", "{7B592E47-018B-4A3D-9F41-FFB00A8F47B7}"
EndProject
Project("{9A19103F-16F7-4668-BE54-9A1E7A4F7556}") = "Tyuiu.CherkashinMM.Sprint2.Task2.V12.Test", "Tyuiu.CherkashinMM.Sprint2.Task2.V12.Test\Tyuiu.CherkashinMM.Sprint2.Task2.V12.Test.csproj", "{47DF2FF1-0D2C-4041-95D8-DDF0D882103A}"
EndProject
Project("{2150E333-8FDC-42A3-9474-1A3956D46DE8}") = "Task3", "Task3", "{1682567A-8249-4845-9B4A-2600C2A0C0CF}"
EndProject
Project("{9A19103F-16F7-4668-BE54-9A1E7A4F7556}") = "Tyuiu.CherkashinMM.Sprint2.Task3.V14", "Tyuiu.CherkashinMM.Sprint2.Task3.V14\Tyuiu.CherkashinMM.Sprint2.Task3.V14.csproj", "{3594C2B9-D134-47D9-BFCA-4493A62AB98D}"
EndProject
Project("{9A19103F-16F7-4668-BE54-9A1E7A4F7556}") = "Tyuiu.CherkashinMM.Sprint2.Task3.V14.Lib", "Tyuiu.CherkashinMM.Sprint2.Task3.V14.Lib\Tyuiu.CherkashinMM.Sprint2.Task3.V14.Lib.csproj", "{BF9E7859-C2E7-46B3-9F08-B46F28198A4D}"
EndProject
Project("{9A19103F-16F7-4668-BE54-9A1E7A4F7556}") = "Tyuiu.CherkashinMM.Sprint2.Task3.V14.Test", "Tyuiu.CherkashinMM.Sprint2.Task3.V14.Test\Tyuiu.CherkashinMM.Sprint2.Task3.V14.Test.csproj", "{5ED8F0F7-2077-4CE2-9081-56776807B823}"
EndProject
Project("{2150E333-8FDC-42A3-9474-1A3956D46DE8}") = "Task4", "Task4", "{1CF3BA7B-0AF6-4CC1-872A-8677592F3334}"
EndProject
Project("{FAE04EC0-301F-11D3-BF4B-00C04F79EFBC}") = "Tyuiu.CherkashinMM.Sprint2.Task4.V30", "Tyuiu.CherkashinMM.Sprint2.Task4.V30\Tyuiu.CherkashinMM.Sprint2.Task4.V30.csproj", "{7D7FBD00-5180-4582-87FE-9AA6F7814C37}"
EndProject
Project("{FAE04EC0-301F-11D3-BF4B-00C04F79EFBC}") = "Tyuiu.CherkashinMM.Sprint2.Task4.V30.Lib", "Tyuiu.CherkashinMM.Sprint2.Task4.V30.Lib\Tyuiu.CherkashinMM.Sprint2.Task4.V30.Lib.csproj", "{562E846F-D543-4FC4-A7E6-FF07F4DBECB0}"
EndProject
Project("{FAE04EC0-301F-11D3-BF4B-00C04F79EFBC}") = "Tyuiu.CherkashinMM.Sprint2.Task4.V30.Test", "Tyuiu.CherkashinMM.Sprint2.Task4.V30.Test\Tyuiu.CherkashinMM.Sprint2.Task4.V30.Test.csproj", "{A80AFCC3-C11F-49BE-8B1B-7474FDB620F3}"
EndProject
Global
	GlobalSection(SolutionConfigurationPlatforms) = preSolution
		Debug|Any CPU = Debug|Any CPU
		Release|Any CPU = Release|Any CPU
	EndGlobalSection
	GlobalSection(ProjectConfigurationPlatforms) = postSolution
		{EA01D82A-7A40-4FB4-AD32-2500A9448ED8}.Debug|Any CPU.ActiveCfg = Debug|Any CPU
		{EA01D82A-7A40-4FB4-AD32-2500A9448ED8}.Debug|Any CPU.Build.0 = Debug|Any CPU
		{EA01D82A-7A40-4FB4-AD32-2500A9448ED8}.Release|Any CPU.ActiveCfg = Release|Any CPU
		{EA01D82A-7A40-4FB4-AD32-2500A9448ED8}.Release|Any CPU.Build.0 = Release|Any CPU
		{AE2BABAE-FA9D-4A54-977A-B991E1FCEFF6}.Debug|Any CPU.ActiveCfg = Debug|Any CPU
		{AE2BABAE-FA9D-4A54-977A-B991E1FCEFF6}.Debug|Any CPU.Build.0 = Debug|Any CPU
		{AE2BABAE-FA9D-4A54-977A-B991E1FCEFF6}.Release|Any CPU.ActiveCfg = Release|Any CPU
		{AE2BABAE-FA9D-4A54-977A-B991E1FCEFF6}.Release|Any CPU.Build.0 = Release|Any CPU
		{D257BFD8-1B1D-47F7-A876-BE23F8B031D2}.Debug|Any CPU.ActiveCfg = Debug|Any CPU
		{D257BFD8-1B1D-47F7-A876-BE23F8B031D2}.Debug|Any CPU.Build.0 = Debug|Any CPU
		{D257BFD8-1B1D-47F7-A876-BE23F8B031D2}.Release|Any CPU.ActiveCfg = Release|Any CPU
		{D257BFD8-1B1D-47F7-A876-BE23F8B031D2}.Release|Any CPU.Build.0 = Release|Any CPU
		{138D72D1-E11E-4FCD-B6BF-08479C71912B}.Debug|Any CPU.ActiveCfg = Debug|Any CPU
		{138D72D1-E11E-4FCD-B6BF-08479C71912B}.Debug|Any CPU.Build.0 = Debug|Any CPU
		{138D72D1-E11E-4FCD-B6BF-08479C71912B}.Release|Any CPU.ActiveCfg = Release|Any CPU
		{138D72D1-E11E-4FCD-B6BF-08479C71912B}.Release|Any CPU.Build.0 = Release|Any CPU
		{A019DA7F-6D47-45F4-BB4A-8EEE7C380962}.Debug|Any CPU.ActiveCfg = Debug|Any CPU
		{A019DA7F-6D47-45F4-BB4A-8EEE7C380962}.Debug|Any CPU.Build.0 = Debug|Any CPU
		{A019DA7F-6D47-45F4-BB4A-8EEE7C380962}.Release|Any CPU.ActiveCfg = Release|Any CPU
		{A019DA7F-6D47-45F4-BB4A-8EEE7C380962}.Release|Any CPU.Build.0 = Release|Any CPU
		{CE15CC2C-318F-4E92-B0D6-898B4F8A10A9}.Debug|Any CPU.ActiveCfg = Debug|Any CPU
		{CE15CC2C-318F-4E92-B0D6-898B4F8A10A9}.Debug|Any CPU.Build.0 = Debug|Any CPU
		{CE15CC2C-318F-4E92-B0D6-898B4F8A10A9}.Release|Any CPU.ActiveCfg = Release|Any CPU
		{CE15CC2C-318F-4E92-B0D6-898B4F8A10A9}.Release|Any CPU.Build.0 = Release|Any CPU
		{1252A835-1DC7-4A0F-B8B0-33B117AF1F41}.Debug|Any CPU.ActiveCfg = Debug|Any CPU
		{1252A835-1DC7-4A0F-B8B0-33B117AF1F41}.Debug|Any CPU.Build.0 = Debug|Any CPU
		{1252A835-1DC7-4A0F-B8B0-33B117AF1F41}.Release|Any CPU.ActiveCfg = Release|Any CPU
		{1252A835-1DC7-4A0F-B8B0-33B117AF1F41}.Release|Any CPU.Build.0 = Release|Any CPU
		{7B592E47-018B-4A3D-9F41-FFB00A8F47B7}.Debug|Any CPU.ActiveCfg = Debug|Any CPU
		{7B592E47-018B-4A3D-9F41-FFB00A8F47B7}.Debug|Any CPU.Build.0 = Debug|Any CPU
		{7B592E47-018B-4A3D-9F41-FFB00A8F47B7}.Release|Any CPU.ActiveCfg = Release|Any CPU
		{7B592E47-018B-4A3D-9F41-FFB00A8F47B7}.Release|Any CPU.Build.0 = Release|Any CPU
		{47DF2FF1-0D2C-4041-95D8-DDF0D882103A}.Debug|Any CPU.ActiveCfg = Debug|Any CPU
		{47DF2FF1-0D2C-4041-95D8-DDF0D882103A}.Debug|Any CPU.Build.0 = Debug|Any CPU
		{47DF2FF1-0D2C-4041-95D8-DDF0D882103A}.Release|Any CPU.ActiveCfg = Release|Any CPU
		{47DF2FF1-0D2C-4041-95D8-DDF0D882103A}.Release|Any CPU.Build.0 = Release|Any CPU
		{3594C2B9-D134-47D9-BFCA-4493A62AB98D}.Debug|Any CPU.ActiveCfg = Debug|Any CPU
		{3594C2B9-D134-47D9-BFCA-4493A62AB98D}.Debug|Any CPU.Build.0 = Debug|Any CPU
		{3594C2B9-D134-47D9-BFCA-4493A62AB98D}.Release|Any CPU.ActiveCfg = Release|Any CPU
		{3594C2B9-D134-47D9-BFCA-4493A62AB98D}.Release|Any CPU.Build.0 = Release|Any CPU
		{BF9E7859-C2E7-46B3-9F08-B46F28198A4D}.Debug|Any CPU.ActiveCfg = Debug|Any CPU
		{BF9E7859-C2E7-46B3-9F08-B46F28198A4D}.Debug|Any CPU.Build.0 = Debug|Any CPU
		{BF9E7859-C2E7-46B3-9F08-B46F28198A4D}.Release|Any CPU.ActiveCfg = Release|Any CPU
		{BF9E7859-C2E7-46B3-9F08-B46F28198A4D}.Release|Any CPU.Build.0 = Release|Any CPU
		{5ED8F0F7-2077-4CE2-9081-56776807B823}.Debug|Any CPU.ActiveCfg = Debug|Any CPU
		{5ED8F0F7-2077-4CE2-9081-56776807B823}.Debug|Any CPU.Build.0 = Debug|Any CPU
		{5ED8F0F7-2077-4CE2-9081-56776807B823}.Release|Any CPU.ActiveCfg = Release|Any CPU
		{5ED8F0F7-2077-4CE2-9081-56776807B823}.Release|Any CPU.Build.0 = Release|Any CPU
		{7D7FBD00-5180-4582-87FE-9AA6F7814C37}.Debug|Any CPU.ActiveCfg = Debug|Any CPU
		{7D7FBD00-5180-4582-87FE-9AA6F7814C37}.Debug|Any CPU.Build.0 = Debug|Any CPU
		{7D7FBD00-5180-4582-87FE-9AA6F7814C37}.Release|Any CPU.ActiveCfg = Release|Any CPU
		{7D7FBD00-5180-4582-87FE-9AA6F7814C37}.Release|Any CPU.Build.0 = Release|Any CPU
		{562E846F-D543-4FC4-A7E6-FF07F4DBECB0}.Debug|Any CPU.ActiveCfg = Debug|Any CPU
		{562E846F-D543-4FC4-A7E6-FF07F4DBECB0}.Debug|Any CPU.Build.0 = Debug|Any CPU
		{562E846F-D543-4FC4-A7E6-FF07F4DBECB0}.Release|Any CPU.ActiveCfg = Release|Any CPU
		{562E846F-D543-4FC4-A7E6-FF07F4DBECB0}.Release|Any CPU.Build.0 = Release|Any CPU
		{A80AFCC3-C11F-49BE-8B1B-7474FDB620F3}.Debug|Any CPU.ActiveCfg = Debug|Any CPU
		{A80AFCC3-C11F-49BE-8B1B-7474FDB620F3}.Debug|Any CPU.Build.0 = Debug|Any CPU
		{A80AFCC3-C11F-49BE-8B1B-7474FDB620F3}.Release|Any CPU.ActiveCfg = Release|Any CPU
		{A80AFCC3-C11F-49BE-8B1B-7474FDB620F3}.Release|Any CPU.Build.0 = Release|Any CPU
	EndGlobalSection
	GlobalSection(SolutionProperties) = preSolution
		HideSolutionNode = FALSE
	EndGlobalSection
	GlobalSection(NestedProjects) = preSolution
		{EA01D82A-7A40-4FB4-AD32-2500A9448ED8} = {9349EE0B-FD6C-489C-A368-FEFA35141738}
		{AE2BABAE-FA9D-4A54-977A-B991E1FCEFF6} = {9349EE0B-FD6C-489C-A368-FEFA35141738}
		{D257BFD8-1B1D-47F7-A876-BE23F8B031D2} = {9349EE0B-FD6C-489C-A368-FEFA35141738}
		{138D72D1-E11E-4FCD-B6BF-08479C71912B} = {EFB228EB-5549-4541-A074-063FA28921BE}
		{A019DA7F-6D47-45F4-BB4A-8EEE7C380962} = {EFB228EB-5549-4541-A074-063FA28921BE}
		{CE15CC2C-318F-4E92-B0D6-898B4F8A10A9} = {EFB228EB-5549-4541-A074-063FA28921BE}
		{1252A835-1DC7-4A0F-B8B0-33B117AF1F41} = {7AC10688-D4F9-472A-AC68-829054676A97}
		{7B592E47-018B-4A3D-9F41-FFB00A8F47B7} = {7AC10688-D4F9-472A-AC68-829054676A97}
		{47DF2FF1-0D2C-4041-95D8-DDF0D882103A} = {7AC10688-D4F9-472A-AC68-829054676A97}
		{3594C2B9-D134-47D9-BFCA-4493A62AB98D} = {1682567A-8249-4845-9B4A-2600C2A0C0CF}
		{BF9E7859-C2E7-46B3-9F08-B46F28198A4D} = {1682567A-8249-4845-9B4A-2600C2A0C0CF}
		{5ED8F0F7-2077-4CE2-9081-56776807B823} = {1682567A-8249-4845-9B4A-2600C2A0C0CF}
		{7D7FBD00-5180-4582-87FE-9AA6F7814C37} = {1CF3BA7B-0AF6-4CC1-872A-8677592F3334}
		{562E846F-D543-4FC4-A7E6-FF07F4DBECB0} = {1CF3BA7B-0AF6-4CC1-872A-8677592F3334}
		{A80AFCC3-C11F-49BE-8B1B-7474FDB620F3} = {1CF3BA7B-0AF6-4CC1-872A-8677592F3334}
	EndGlobalSection
	GlobalSection(ExtensibilityGlobals) = postSolution
		SolutionGuid = {4F96FE7A-7F67-477C-B9E1-0B3431AF0ABA}
	EndGlobalSection
EndGlobal
